
Microsoft Visual Studio Solution File, Format Version 12.00
# Visual Studio 15
VisualStudioVersion = 15.0.27428.2002
MinimumVisualStudioVersion = 10.0.40219.1
Project("{FAE04EC0-301F-11D3-BF4B-00C04F79EFBC}") = "AgeCalc", "AgeCalc\AgeCalc.csproj", "{D55EA859-5E8F-487A-A3DD-A32EED0F78DF}"
EndProject
Global
	GlobalSection(SolutionConfigurationPlatforms) = preSolution
		Debug|Any CPU = Debug|Any CPU
		Release|Any CPU = Release|Any CPU
	EndGlobalSection
	GlobalSection(ProjectConfigurationPlatforms) = postSolution
		{D55EA859-5E8F-487A-A3DD-A32EED0F78DF}.Debug|Any CPU.ActiveCfg = Debug|Any CPU
		{D55EA859-5E8F-487A-A3DD-A32EED0F78DF}.Debug|Any CPU.Build.0 = Debug|Any CPU
		{D55EA859-5E8F-487A-A3DD-A32EED0F78DF}.Release|Any CPU.ActiveCfg = Release|Any CPU
		{D55EA859-5E8F-487A-A3DD-A32EED0F78DF}.Release|Any CPU.Build.0 = Release|Any CPU
	EndGlobalSection
	GlobalSection(SolutionProperties) = preSolution
		HideSolutionNode = FALSE
	EndGlobalSection
	GlobalSection(ExtensibilityGlobals) = postSolution
		SolutionGuid = {D469B0EB-F688-481C-BCC1-85104A9B185E}
	EndGlobalSection
EndGlobal
