
Microsoft Visual Studio Solution File, Format Version 12.00
# Visual Studio Version 16
VisualStudioVersion = 16.0.29409.12
MinimumVisualStudioVersion = 10.0.40219.1
Project("{9A19103F-16F7-4668-BE54-9A1E7A4F7556}") = "CourseApp", "CourseApp.csproj", "{D15180A0-4E7E-4EC5-9AC9-7FD222EB919C}"
EndProject
Project("{9A19103F-16F7-4668-BE54-9A1E7A4F7556}") = "CourseApp.Tests", "..\CourseApp.Tests\CourseApp.Tests.csproj", "{82E7C6C5-03FB-4D56-BCFB-E56BD1F60C6A}"
EndProject
Global
	GlobalSection(SolutionConfigurationPlatforms) = preSolution
		Debug|Any CPU = Debug|Any CPU
		Release|Any CPU = Release|Any CPU
	EndGlobalSection
	GlobalSection(ProjectConfigurationPlatforms) = postSolution
		{D15180A0-4E7E-4EC5-9AC9-7FD222EB919C}.Debug|Any CPU.ActiveCfg = Debug|Any CPU
		{D15180A0-4E7E-4EC5-9AC9-7FD222EB919C}.Debug|Any CPU.Build.0 = Debug|Any CPU
		{D15180A0-4E7E-4EC5-9AC9-7FD222EB919C}.Release|Any CPU.ActiveCfg = Release|Any CPU
		{D15180A0-4E7E-4EC5-9AC9-7FD222EB919C}.Release|Any CPU.Build.0 = Release|Any CPU
		{82E7C6C5-03FB-4D56-BCFB-E56BD1F60C6A}.Debug|Any CPU.ActiveCfg = Debug|Any CPU
		{82E7C6C5-03FB-4D56-BCFB-E56BD1F60C6A}.Debug|Any CPU.Build.0 = Debug|Any CPU
		{82E7C6C5-03FB-4D56-BCFB-E56BD1F60C6A}.Release|Any CPU.ActiveCfg = Release|Any CPU
		{82E7C6C5-03FB-4D56-BCFB-E56BD1F60C6A}.Release|Any CPU.Build.0 = Release|Any CPU
	EndGlobalSection
	GlobalSection(SolutionProperties) = preSolution
		HideSolutionNode = FALSE
	EndGlobalSection
	GlobalSection(ExtensibilityGlobals) = postSolution
		SolutionGuid = {19FAA84D-04A5-4892-AA24-A9AEC7A2D2D1}
	EndGlobalSection
EndGlobal
